// !$*UTF8*$!
{
	archiveVersion = 1;
	classes = {
	};
	objectVersion = 50;
	objects = {

/* Begin PBXBuildFile section */
		10D411A32411786B004FCBDD /* UserDefaults.swift in Sources */ = {isa = PBXBuildFile; fileRef = 10D411A22411786B004FCBDD /* UserDefaults.swift */; };
		632468A624144A5F00BEE0D5 /* FilteredBonusList.swift in Sources */ = {isa = PBXBuildFile; fileRef = 632468A524144A5F00BEE0D5 /* FilteredBonusList.swift */; };
		632468A82414521600BEE0D5 /* CategoryFilter.swift in Sources */ = {isa = PBXBuildFile; fileRef = 632468A72414521600BEE0D5 /* CategoryFilter.swift */; };
		632468AA2414544200BEE0D5 /* StateFilter.swift in Sources */ = {isa = PBXBuildFile; fileRef = 632468A92414544200BEE0D5 /* StateFilter.swift */; };
		632468AC2414564E00BEE0D5 /* BonusFilterMenuBar.swift in Sources */ = {isa = PBXBuildFile; fileRef = 632468AB2414564E00BEE0D5 /* BonusFilterMenuBar.swift */; };
		635E9FE7240E059300A46077 /* TrophyList+CoreDataClass.swift in Sources */ = {isa = PBXBuildFile; fileRef = 635E9FE5240E059300A46077 /* TrophyList+CoreDataClass.swift */; };
		635E9FE8240E059300A46077 /* TrophyList+CoreDataProperties.swift in Sources */ = {isa = PBXBuildFile; fileRef = 635E9FE6240E059300A46077 /* TrophyList+CoreDataProperties.swift */; };
		639553E423E64DF50034A51E /* Bonus+CoreDataClass.swift in Sources */ = {isa = PBXBuildFile; fileRef = 639553E223E64DF50034A51E /* Bonus+CoreDataClass.swift */; };
		639553E523E64DF50034A51E /* Bonus+CoreDataProperties.swift in Sources */ = {isa = PBXBuildFile; fileRef = 639553E323E64DF50034A51E /* Bonus+CoreDataProperties.swift */; };
		639553E823E64E1A0034A51E /* CoreData.swift in Sources */ = {isa = PBXBuildFile; fileRef = 639553E723E64E1A0034A51E /* CoreData.swift */; };
		6504E46E24299356006F4DCE /* TrophyStatusBar.swift in Sources */ = {isa = PBXBuildFile; fileRef = 6504E46D24299356006F4DCE /* TrophyStatusBar.swift */; };
		6561FAC423F3B83600F786AE /* BonusFilterModal.swift in Sources */ = {isa = PBXBuildFile; fileRef = 6561FAC323F3B83600F786AE /* BonusFilterModal.swift */; };
		6561FAC623F3D60100F786AE /* RegionFilterModal.swift in Sources */ = {isa = PBXBuildFile; fileRef = 6561FAC523F3D60100F786AE /* RegionFilterModal.swift */; };
		6561FAC823F3DA6A00F786AE /* NationalParks.swift in Sources */ = {isa = PBXBuildFile; fileRef = 6561FAC723F3DA6A00F786AE /* NationalParks.swift */; };
		6561FACC23F4A95000F786AE /* GameKit.framework in Frameworks */ = {isa = PBXBuildFile; fileRef = 6561FACB23F4A95000F786AE /* GameKit.framework */; };
		6561FAD023F4AAFC00F786AE /* CloudKit.framework in Frameworks */ = {isa = PBXBuildFile; fileRef = 6561FACF23F4AAFC00F786AE /* CloudKit.framework */; };
		65795E49240E12BC0036B4EA /* ImageWriter.swift in Sources */ = {isa = PBXBuildFile; fileRef = 65795E48240E12BC0036B4EA /* ImageWriter.swift */; };
		6581CA8C240F580700887782 /* ImageReader.swift in Sources */ = {isa = PBXBuildFile; fileRef = 6581CA8B240F580700887782 /* ImageReader.swift */; };
		6581CA90240F76CA00887782 /* optional_2nd_Image.png in Resources */ = {isa = PBXBuildFile; fileRef = 6581CA8D240F76C900887782 /* optional_2nd_Image.png */; };
		6581CA91240F76CA00887782 /* sample_image_missing.png in Resources */ = {isa = PBXBuildFile; fileRef = 6581CA8E240F76CA00887782 /* sample_image_missing.png */; };
		6581CA92240F76CA00887782 /* no_image_taken.png in Resources */ = {isa = PBXBuildFile; fileRef = 6581CA8F240F76CA00887782 /* no_image_taken.png */; };
		658D3C1B241F3FB800A333EC /* OnboardingView.swift in Sources */ = {isa = PBXBuildFile; fileRef = 658D3C1A241F3FB800A333EC /* OnboardingView.swift */; };
		65BAAF5C2416DFE9004383FE /* BlurView.swift in Sources */ = {isa = PBXBuildFile; fileRef = 65BAAF5B2416DFE9004383FE /* BlurView.swift */; };
		65C2C84E23DFCD9F00430FCC /* ImagePicker.swift in Sources */ = {isa = PBXBuildFile; fileRef = 65C2C84D23DFCD9F00430FCC /* ImagePicker.swift */; };
		65C2C85023DFD18800430FCC /* PhotoCaptureView.swift in Sources */ = {isa = PBXBuildFile; fileRef = 65C2C84F23DFD18800430FCC /* PhotoCaptureView.swift */; };
		65CE1F5F23AF705B008FA854 /* AppDelegate.swift in Sources */ = {isa = PBXBuildFile; fileRef = 65CE1F5E23AF705B008FA854 /* AppDelegate.swift */; };
		65CE1F6123AF705B008FA854 /* SceneDelegate.swift in Sources */ = {isa = PBXBuildFile; fileRef = 65CE1F6023AF705B008FA854 /* SceneDelegate.swift */; };
		65CE1F6423AF705B008FA854 /* Tour_of_Honor_2.xcdatamodeld in Sources */ = {isa = PBXBuildFile; fileRef = 65CE1F6223AF705B008FA854 /* Tour_of_Honor_2.xcdatamodeld */; };
		65CE1F6623AF705B008FA854 /* ContentView.swift in Sources */ = {isa = PBXBuildFile; fileRef = 65CE1F6523AF705B008FA854 /* ContentView.swift */; };
		65CE1F6823AF705D008FA854 /* Assets.xcassets in Resources */ = {isa = PBXBuildFile; fileRef = 65CE1F6723AF705D008FA854 /* Assets.xcassets */; };
		65CE1F6B23AF705D008FA854 /* Preview Assets.xcassets in Resources */ = {isa = PBXBuildFile; fileRef = 65CE1F6A23AF705D008FA854 /* Preview Assets.xcassets */; };
		65CE1F6E23AF705D008FA854 /* LaunchScreen.storyboard in Resources */ = {isa = PBXBuildFile; fileRef = 65CE1F6C23AF705D008FA854 /* LaunchScreen.storyboard */; };
		65CE1F7623AF7099008FA854 /* TabBar.swift in Sources */ = {isa = PBXBuildFile; fileRef = 65CE1F7523AF7099008FA854 /* TabBar.swift */; };
		65CE1F7A23AF71A9008FA854 /* TrophyList.swift in Sources */ = {isa = PBXBuildFile; fileRef = 65CE1F7923AF71A9008FA854 /* TrophyList.swift */; };
		65CE1F7C23AF71B5008FA854 /* Settings.swift in Sources */ = {isa = PBXBuildFile; fileRef = 65CE1F7B23AF71B5008FA854 /* Settings.swift */; };
		65CE1F7E23AF71CC008FA854 /* BonusList.swift in Sources */ = {isa = PBXBuildFile; fileRef = 65CE1F7D23AF71CC008FA854 /* BonusList.swift */; };
		65CE1F8023AF71D6008FA854 /* BonusDetail.swift in Sources */ = {isa = PBXBuildFile; fileRef = 65CE1F7F23AF71D6008FA854 /* BonusDetail.swift */; };
		65CE1F8223AF7DFB008FA854 /* Stats.swift in Sources */ = {isa = PBXBuildFile; fileRef = 65CE1F8123AF7DFB008FA854 /* Stats.swift */; };
		65DBD65D23EFF0BF00BC5B66 /* StateList.swift in Sources */ = {isa = PBXBuildFile; fileRef = 65DBD65C23EFF0BF00BC5B66 /* StateList.swift */; };
		65DBD65F23EFF11900BC5B66 /* CategoryList.swift in Sources */ = {isa = PBXBuildFile; fileRef = 65DBD65E23EFF11900BC5B66 /* CategoryList.swift */; };
		65DBD66123F002A900BC5B66 /* BonusDataArray.swift in Sources */ = {isa = PBXBuildFile; fileRef = 65DBD66023F002A900BC5B66 /* BonusDataArray.swift */; };
		65DBD66923F00CEF00BC5B66 /* DeviceDetector.swift in Sources */ = {isa = PBXBuildFile; fileRef = 65DBD66823F00CEF00BC5B66 /* DeviceDetector.swift */; };
		65DBD66C23F0117200BC5B66 /* CustomModifiers.swift in Sources */ = {isa = PBXBuildFile; fileRef = 65DBD66B23F0117200BC5B66 /* CustomModifiers.swift */; };
		65E3D2D5241A9E3A005AA8CB /* SendEmail.swift in Sources */ = {isa = PBXBuildFile; fileRef = 65E3D2D4241A9E3A005AA8CB /* SendEmail.swift */; };
		65F7199D242175F0004C659F /* MapHandler.swift in Sources */ = {isa = PBXBuildFile; fileRef = 65F7199C242175F0004C659F /* MapHandler.swift */; };
		65F7199F2421E997004C659F /* TrophyFilterMenuBar.swift in Sources */ = {isa = PBXBuildFile; fileRef = 65F7199E2421E997004C659F /* TrophyFilterMenuBar.swift */; };
		65F719A32421F2AB004C659F /* TrophyDetail.swift in Sources */ = {isa = PBXBuildFile; fileRef = 65F719A22421F2AB004C659F /* TrophyDetail.swift */; };
		65F719A52421F2FE004C659F /* FilteredTrophyList.swift in Sources */ = {isa = PBXBuildFile; fileRef = 65F719A42421F2FE004C659F /* FilteredTrophyList.swift */; };
		65F719A72421F455004C659F /* ParksFilterMenuBar.swift in Sources */ = {isa = PBXBuildFile; fileRef = 65F719A62421F455004C659F /* ParksFilterMenuBar.swift */; };
		65F719A92421F463004C659F /* ParksList.swift in Sources */ = {isa = PBXBuildFile; fileRef = 65F719A82421F463004C659F /* ParksList.swift */; };
		65F719AB2421F471004C659F /* FilteredParksList.swift in Sources */ = {isa = PBXBuildFile; fileRef = 65F719AA2421F471004C659F /* FilteredParksList.swift */; };
		65F719AD2421F48C004C659F /* ParksDetail.swift in Sources */ = {isa = PBXBuildFile; fileRef = 65F719AC2421F48C004C659F /* ParksDetail.swift */; };
/* End PBXBuildFile section */

/* Begin PBXFileReference section */
		10D411A22411786B004FCBDD /* UserDefaults.swift */ = {isa = PBXFileReference; lastKnownFileType = sourcecode.swift; path = UserDefaults.swift; sourceTree = "<group>"; };
		632468A524144A5F00BEE0D5 /* FilteredBonusList.swift */ = {isa = PBXFileReference; lastKnownFileType = sourcecode.swift; path = FilteredBonusList.swift; sourceTree = "<group>"; };
		632468A72414521600BEE0D5 /* CategoryFilter.swift */ = {isa = PBXFileReference; lastKnownFileType = sourcecode.swift; path = CategoryFilter.swift; sourceTree = "<group>"; };
		632468A92414544200BEE0D5 /* StateFilter.swift */ = {isa = PBXFileReference; lastKnownFileType = sourcecode.swift; path = StateFilter.swift; sourceTree = "<group>"; };
		632468AB2414564E00BEE0D5 /* BonusFilterMenuBar.swift */ = {isa = PBXFileReference; lastKnownFileType = sourcecode.swift; path = BonusFilterMenuBar.swift; sourceTree = "<group>"; };
		635E9FE5240E059300A46077 /* TrophyList+CoreDataClass.swift */ = {isa = PBXFileReference; lastKnownFileType = sourcecode.swift; path = "TrophyList+CoreDataClass.swift"; sourceTree = "<group>"; };
		635E9FE6240E059300A46077 /* TrophyList+CoreDataProperties.swift */ = {isa = PBXFileReference; lastKnownFileType = sourcecode.swift; path = "TrophyList+CoreDataProperties.swift"; sourceTree = "<group>"; };
		639553E223E64DF50034A51E /* Bonus+CoreDataClass.swift */ = {isa = PBXFileReference; lastKnownFileType = sourcecode.swift; path = "Bonus+CoreDataClass.swift"; sourceTree = "<group>"; };
		639553E323E64DF50034A51E /* Bonus+CoreDataProperties.swift */ = {isa = PBXFileReference; lastKnownFileType = sourcecode.swift; path = "Bonus+CoreDataProperties.swift"; sourceTree = "<group>"; };
		639553E723E64E1A0034A51E /* CoreData.swift */ = {isa = PBXFileReference; lastKnownFileType = sourcecode.swift; path = CoreData.swift; sourceTree = "<group>"; };
		6504E46D24299356006F4DCE /* TrophyStatusBar.swift */ = {isa = PBXFileReference; lastKnownFileType = sourcecode.swift; path = TrophyStatusBar.swift; sourceTree = "<group>"; };
		6561FAC323F3B83600F786AE /* BonusFilterModal.swift */ = {isa = PBXFileReference; lastKnownFileType = sourcecode.swift; path = BonusFilterModal.swift; sourceTree = "<group>"; };
		6561FAC523F3D60100F786AE /* RegionFilterModal.swift */ = {isa = PBXFileReference; lastKnownFileType = sourcecode.swift; path = RegionFilterModal.swift; sourceTree = "<group>"; };
		6561FAC723F3DA6A00F786AE /* NationalParks.swift */ = {isa = PBXFileReference; lastKnownFileType = sourcecode.swift; path = NationalParks.swift; sourceTree = "<group>"; };
		6561FAC923F4A6F800F786AE /* Tour of Honor 2.entitlements */ = {isa = PBXFileReference; lastKnownFileType = text.plist.entitlements; path = "Tour of Honor 2.entitlements"; sourceTree = "<group>"; };
		6561FACB23F4A95000F786AE /* GameKit.framework */ = {isa = PBXFileReference; lastKnownFileType = wrapper.framework; name = GameKit.framework; path = System/Library/Frameworks/GameKit.framework; sourceTree = SDKROOT; };
		6561FACF23F4AAFC00F786AE /* CloudKit.framework */ = {isa = PBXFileReference; lastKnownFileType = wrapper.framework; name = CloudKit.framework; path = System/Library/Frameworks/CloudKit.framework; sourceTree = SDKROOT; };
		65795E48240E12BC0036B4EA /* ImageWriter.swift */ = {isa = PBXFileReference; lastKnownFileType = sourcecode.swift; path = ImageWriter.swift; sourceTree = "<group>"; };
		6581CA8B240F580700887782 /* ImageReader.swift */ = {isa = PBXFileReference; lastKnownFileType = sourcecode.swift; path = ImageReader.swift; sourceTree = "<group>"; };
		6581CA8D240F76C900887782 /* optional_2nd_Image.png */ = {isa = PBXFileReference; lastKnownFileType = image.png; path = optional_2nd_Image.png; sourceTree = "<group>"; };
		6581CA8E240F76CA00887782 /* sample_image_missing.png */ = {isa = PBXFileReference; lastKnownFileType = image.png; path = sample_image_missing.png; sourceTree = "<group>"; };
		6581CA8F240F76CA00887782 /* no_image_taken.png */ = {isa = PBXFileReference; lastKnownFileType = image.png; path = no_image_taken.png; sourceTree = "<group>"; };
		658D3C1A241F3FB800A333EC /* OnboardingView.swift */ = {isa = PBXFileReference; lastKnownFileType = sourcecode.swift; path = OnboardingView.swift; sourceTree = "<group>"; };
		65BAAF5B2416DFE9004383FE /* BlurView.swift */ = {isa = PBXFileReference; lastKnownFileType = sourcecode.swift; path = BlurView.swift; sourceTree = "<group>"; };
		65C2C84D23DFCD9F00430FCC /* ImagePicker.swift */ = {isa = PBXFileReference; lastKnownFileType = sourcecode.swift; path = ImagePicker.swift; sourceTree = "<group>"; };
		65C2C84F23DFD18800430FCC /* PhotoCaptureView.swift */ = {isa = PBXFileReference; lastKnownFileType = sourcecode.swift; path = PhotoCaptureView.swift; sourceTree = "<group>"; };
		65CE1F5B23AF705B008FA854 /* TOH 2 Test.app */ = {isa = PBXFileReference; explicitFileType = wrapper.application; includeInIndex = 0; path = "TOH 2 Test.app"; sourceTree = BUILT_PRODUCTS_DIR; };
		65CE1F5E23AF705B008FA854 /* AppDelegate.swift */ = {isa = PBXFileReference; lastKnownFileType = sourcecode.swift; path = AppDelegate.swift; sourceTree = "<group>"; };
		65CE1F6023AF705B008FA854 /* SceneDelegate.swift */ = {isa = PBXFileReference; lastKnownFileType = sourcecode.swift; path = SceneDelegate.swift; sourceTree = "<group>"; };
		65CE1F6323AF705B008FA854 /* Tour_of_Honor_2.xcdatamodel */ = {isa = PBXFileReference; lastKnownFileType = wrapper.xcdatamodel; path = Tour_of_Honor_2.xcdatamodel; sourceTree = "<group>"; };
		65CE1F6523AF705B008FA854 /* ContentView.swift */ = {isa = PBXFileReference; lastKnownFileType = sourcecode.swift; path = ContentView.swift; sourceTree = "<group>"; };
		65CE1F6723AF705D008FA854 /* Assets.xcassets */ = {isa = PBXFileReference; lastKnownFileType = folder.assetcatalog; path = Assets.xcassets; sourceTree = "<group>"; };
		65CE1F6A23AF705D008FA854 /* Preview Assets.xcassets */ = {isa = PBXFileReference; lastKnownFileType = folder.assetcatalog; path = "Preview Assets.xcassets"; sourceTree = "<group>"; };
		65CE1F6D23AF705D008FA854 /* Base */ = {isa = PBXFileReference; lastKnownFileType = file.storyboard; name = Base; path = Base.lproj/LaunchScreen.storyboard; sourceTree = "<group>"; };
		65CE1F6F23AF705D008FA854 /* Info.plist */ = {isa = PBXFileReference; lastKnownFileType = text.plist.xml; path = Info.plist; sourceTree = "<group>"; };
		65CE1F7523AF7099008FA854 /* TabBar.swift */ = {isa = PBXFileReference; lastKnownFileType = sourcecode.swift; path = TabBar.swift; sourceTree = "<group>"; };
		65CE1F7923AF71A9008FA854 /* TrophyList.swift */ = {isa = PBXFileReference; lastKnownFileType = sourcecode.swift; path = TrophyList.swift; sourceTree = "<group>"; };
		65CE1F7B23AF71B5008FA854 /* Settings.swift */ = {isa = PBXFileReference; lastKnownFileType = sourcecode.swift; path = Settings.swift; sourceTree = "<group>"; };
		65CE1F7D23AF71CC008FA854 /* BonusList.swift */ = {isa = PBXFileReference; lastKnownFileType = sourcecode.swift; path = BonusList.swift; sourceTree = "<group>"; };
		65CE1F7F23AF71D6008FA854 /* BonusDetail.swift */ = {isa = PBXFileReference; lastKnownFileType = sourcecode.swift; path = BonusDetail.swift; sourceTree = "<group>"; };
		65CE1F8123AF7DFB008FA854 /* Stats.swift */ = {isa = PBXFileReference; lastKnownFileType = sourcecode.swift; path = Stats.swift; sourceTree = "<group>"; };
		65DBD65C23EFF0BF00BC5B66 /* StateList.swift */ = {isa = PBXFileReference; lastKnownFileType = sourcecode.swift; path = StateList.swift; sourceTree = "<group>"; };
		65DBD65E23EFF11900BC5B66 /* CategoryList.swift */ = {isa = PBXFileReference; lastKnownFileType = sourcecode.swift; path = CategoryList.swift; sourceTree = "<group>"; };
		65DBD66023F002A900BC5B66 /* BonusDataArray.swift */ = {isa = PBXFileReference; lastKnownFileType = sourcecode.swift; path = BonusDataArray.swift; sourceTree = "<group>"; };
		65DBD66823F00CEF00BC5B66 /* DeviceDetector.swift */ = {isa = PBXFileReference; lastKnownFileType = sourcecode.swift; path = DeviceDetector.swift; sourceTree = "<group>"; };
		65DBD66B23F0117200BC5B66 /* CustomModifiers.swift */ = {isa = PBXFileReference; lastKnownFileType = sourcecode.swift; path = CustomModifiers.swift; sourceTree = "<group>"; };
		65E3D2D4241A9E3A005AA8CB /* SendEmail.swift */ = {isa = PBXFileReference; lastKnownFileType = sourcecode.swift; path = SendEmail.swift; sourceTree = "<group>"; };
		65F7199C242175F0004C659F /* MapHandler.swift */ = {isa = PBXFileReference; lastKnownFileType = sourcecode.swift; path = MapHandler.swift; sourceTree = "<group>"; };
		65F7199E2421E997004C659F /* TrophyFilterMenuBar.swift */ = {isa = PBXFileReference; lastKnownFileType = sourcecode.swift; path = TrophyFilterMenuBar.swift; sourceTree = "<group>"; };
		65F719A22421F2AB004C659F /* TrophyDetail.swift */ = {isa = PBXFileReference; lastKnownFileType = sourcecode.swift; path = TrophyDetail.swift; sourceTree = "<group>"; };
		65F719A42421F2FE004C659F /* FilteredTrophyList.swift */ = {isa = PBXFileReference; lastKnownFileType = sourcecode.swift; path = FilteredTrophyList.swift; sourceTree = "<group>"; };
		65F719A62421F455004C659F /* ParksFilterMenuBar.swift */ = {isa = PBXFileReference; lastKnownFileType = sourcecode.swift; path = ParksFilterMenuBar.swift; sourceTree = "<group>"; };
		65F719A82421F463004C659F /* ParksList.swift */ = {isa = PBXFileReference; lastKnownFileType = sourcecode.swift; path = ParksList.swift; sourceTree = "<group>"; };
		65F719AA2421F471004C659F /* FilteredParksList.swift */ = {isa = PBXFileReference; lastKnownFileType = sourcecode.swift; path = FilteredParksList.swift; sourceTree = "<group>"; };
		65F719AC2421F48C004C659F /* ParksDetail.swift */ = {isa = PBXFileReference; lastKnownFileType = sourcecode.swift; path = ParksDetail.swift; sourceTree = "<group>"; };
/* End PBXFileReference section */

/* Begin PBXFrameworksBuildPhase section */
		65CE1F5823AF705B008FA854 /* Frameworks */ = {
			isa = PBXFrameworksBuildPhase;
			buildActionMask = 2147483647;
			files = (
				6561FAD023F4AAFC00F786AE /* CloudKit.framework in Frameworks */,
				6561FACC23F4A95000F786AE /* GameKit.framework in Frameworks */,
			);
			runOnlyForDeploymentPostprocessing = 0;
		};
/* End PBXFrameworksBuildPhase section */

/* Begin PBXGroup section */
		639553E623E64DFC0034A51E /* Data */ = {
			isa = PBXGroup;
			children = (
				10D411A22411786B004FCBDD /* UserDefaults.swift */,
				635E9FE5240E059300A46077 /* TrophyList+CoreDataClass.swift */,
				635E9FE6240E059300A46077 /* TrophyList+CoreDataProperties.swift */,
				639553E223E64DF50034A51E /* Bonus+CoreDataClass.swift */,
				639553E323E64DF50034A51E /* Bonus+CoreDataProperties.swift */,
				65DBD66023F002A900BC5B66 /* BonusDataArray.swift */,
				65DBD65E23EFF11900BC5B66 /* CategoryList.swift */,
				639553E723E64E1A0034A51E /* CoreData.swift */,
				65DBD65C23EFF0BF00BC5B66 /* StateList.swift */,
			);
			path = Data;
			sourceTree = "<group>";
		};
		6561FAC023F277B700F786AE /* Other Screens */ = {
			isa = PBXGroup;
			children = (
				6561FAC323F3B83600F786AE /* BonusFilterModal.swift */,
				6561FAC523F3D60100F786AE /* RegionFilterModal.swift */,
				65CE1F7B23AF71B5008FA854 /* Settings.swift */,
				65CE1F8123AF7DFB008FA854 /* Stats.swift */,
			);
			path = "Other Screens";
			sourceTree = "<group>";
		};
		6561FACA23F4A95000F786AE /* Frameworks */ = {
			isa = PBXGroup;
			children = (
				6561FACF23F4AAFC00F786AE /* CloudKit.framework */,
				6561FACB23F4A95000F786AE /* GameKit.framework */,
			);
			name = Frameworks;
			sourceTree = "<group>";
		};
		658D3C19241F3F8C00A333EC /* Onboarding */ = {
			isa = PBXGroup;
			children = (
				658D3C1A241F3FB800A333EC /* OnboardingView.swift */,
			);
			path = Onboarding;
			sourceTree = "<group>";
		};
		65C2C85123DFDF5800430FCC /* Camera */ = {
			isa = PBXGroup;
			children = (
				65C2C84D23DFCD9F00430FCC /* ImagePicker.swift */,
				65795E48240E12BC0036B4EA /* ImageWriter.swift */,
				6581CA8B240F580700887782 /* ImageReader.swift */,
				65C2C84F23DFD18800430FCC /* PhotoCaptureView.swift */,
			);
			path = Camera;
			sourceTree = "<group>";
		};
		65C2C85223DFDF7C00430FCC /* Delegates */ = {
			isa = PBXGroup;
			children = (
				65CE1F5E23AF705B008FA854 /* AppDelegate.swift */,
				65CE1F6023AF705B008FA854 /* SceneDelegate.swift */,
			);
			path = Delegates;
			sourceTree = "<group>";
		};
		65C2C85323DFDF9500430FCC /* Bonus Pages */ = {
			isa = PBXGroup;
			children = (
				632468AB2414564E00BEE0D5 /* BonusFilterMenuBar.swift */,
				65CE1F7D23AF71CC008FA854 /* BonusList.swift */,
				632468A524144A5F00BEE0D5 /* FilteredBonusList.swift */,
				65CE1F7F23AF71D6008FA854 /* BonusDetail.swift */,
			);
			path = "Bonus Pages";
			sourceTree = "<group>";
		};
		65CE1F5223AF705B008FA854 = {
			isa = PBXGroup;
			children = (
				65CE1F5D23AF705B008FA854 /* Tour of Honor 2 */,
				65CE1F5C23AF705B008FA854 /* Products */,
				6561FACA23F4A95000F786AE /* Frameworks */,
			);
			sourceTree = "<group>";
		};
		65CE1F5C23AF705B008FA854 /* Products */ = {
			isa = PBXGroup;
			children = (
				65CE1F5B23AF705B008FA854 /* TOH 2 Test.app */,
			);
			name = Products;
			sourceTree = "<group>";
		};
		65CE1F5D23AF705B008FA854 /* Tour of Honor 2 */ = {
			isa = PBXGroup;
			children = (
				6561FAC923F4A6F800F786AE /* Tour of Honor 2.entitlements */,
				65CE1F6F23AF705D008FA854 /* Info.plist */,
				65BAAF5B2416DFE9004383FE /* BlurView.swift */,
				65CE1F6523AF705B008FA854 /* ContentView.swift */,
				65DBD66B23F0117200BC5B66 /* CustomModifiers.swift */,
				65DBD66823F00CEF00BC5B66 /* DeviceDetector.swift */,
				65F7199C242175F0004C659F /* MapHandler.swift */,
				65E3D2D4241A9E3A005AA8CB /* SendEmail.swift */,
				632468A72414521600BEE0D5 /* CategoryFilter.swift */,
				632468A92414544200BEE0D5 /* StateFilter.swift */,
				65CE1F7523AF7099008FA854 /* TabBar.swift */,
				65CE1F6723AF705D008FA854 /* Assets.xcassets */,
				658D3C19241F3F8C00A333EC /* Onboarding */,
				65F719A12421F237004C659F /* NPT Pages */,
				65F719A02421F21A004C659F /* Trophy Pages */,
				65C2C85323DFDF9500430FCC /* Bonus Pages */,
				65C2C85123DFDF5800430FCC /* Camera */,
				639553E623E64DFC0034A51E /* Data */,
				65E3CF592418819C005AA8CB /* Default Images */,
				65C2C85223DFDF7C00430FCC /* Delegates */,
				65CE1F6C23AF705D008FA854 /* LaunchScreen.storyboard */,
				6561FAC023F277B700F786AE /* Other Screens */,
				65CE1F6923AF705D008FA854 /* Preview Content */,
				65CE1F6223AF705B008FA854 /* Tour_of_Honor_2.xcdatamodeld */,
			);
			path = "Tour of Honor 2";
			sourceTree = "<group>";
		};
		65CE1F6923AF705D008FA854 /* Preview Content */ = {
			isa = PBXGroup;
			children = (
				65CE1F6A23AF705D008FA854 /* Preview Assets.xcassets */,
			);
			path = "Preview Content";
			sourceTree = "<group>";
		};
		65E3CF592418819C005AA8CB /* Default Images */ = {
			isa = PBXGroup;
			children = (
				6581CA8F240F76CA00887782 /* no_image_taken.png */,
				6581CA8D240F76C900887782 /* optional_2nd_Image.png */,
				6581CA8E240F76CA00887782 /* sample_image_missing.png */,
			);
			path = "Default Images";
			sourceTree = "<group>";
		};
		65F719A02421F21A004C659F /* Trophy Pages */ = {
			isa = PBXGroup;
			children = (
				65F7199E2421E997004C659F /* TrophyFilterMenuBar.swift */,
				6504E46D24299356006F4DCE /* TrophyStatusBar.swift */,
				65CE1F7923AF71A9008FA854 /* TrophyList.swift */,
				65F719A42421F2FE004C659F /* FilteredTrophyList.swift */,
				65F719A22421F2AB004C659F /* TrophyDetail.swift */,
			);
			path = "Trophy Pages";
			sourceTree = "<group>";
		};
		65F719A12421F237004C659F /* NPT Pages */ = {
			isa = PBXGroup;
			children = (
				6561FAC723F3DA6A00F786AE /* NationalParks.swift */,
				65F719A62421F455004C659F /* ParksFilterMenuBar.swift */,
				65F719A82421F463004C659F /* ParksList.swift */,
				65F719AA2421F471004C659F /* FilteredParksList.swift */,
				65F719AC2421F48C004C659F /* ParksDetail.swift */,
			);
			path = "NPT Pages";
			sourceTree = "<group>";
		};
/* End PBXGroup section */

/* Begin PBXNativeTarget section */
		65CE1F5A23AF705B008FA854 /* Tour of Honor 2 */ = {
			isa = PBXNativeTarget;
			buildConfigurationList = 65CE1F7223AF705D008FA854 /* Build configuration list for PBXNativeTarget "Tour of Honor 2" */;
			buildPhases = (
				65CE1F5723AF705B008FA854 /* Sources */,
				65CE1F5823AF705B008FA854 /* Frameworks */,
				65CE1F5923AF705B008FA854 /* Resources */,
			);
			buildRules = (
			);
			dependencies = (
			);
			name = "Tour of Honor 2";
			productName = "Tour of Honor 2";
			productReference = 65CE1F5B23AF705B008FA854 /* TOH 2 Test.app */;
			productType = "com.apple.product-type.application";
		};
/* End PBXNativeTarget section */

/* Begin PBXProject section */
		65CE1F5323AF705B008FA854 /* Project object */ = {
			isa = PBXProject;
			attributes = {
				LastSwiftUpdateCheck = 1130;
				LastUpgradeCheck = 1130;
				ORGANIZATIONNAME = "Tommy Craft";
				TargetAttributes = {
					65CE1F5A23AF705B008FA854 = {
						CreatedOnToolsVersion = 11.3;
					};
				};
			};
			buildConfigurationList = 65CE1F5623AF705B008FA854 /* Build configuration list for PBXProject "Tour of Honor 2" */;
			compatibilityVersion = "Xcode 9.3";
			developmentRegion = en;
			hasScannedForEncodings = 0;
			knownRegions = (
				en,
				Base,
			);
			mainGroup = 65CE1F5223AF705B008FA854;
			productRefGroup = 65CE1F5C23AF705B008FA854 /* Products */;
			projectDirPath = "";
			projectRoot = "";
			targets = (
				65CE1F5A23AF705B008FA854 /* Tour of Honor 2 */,
			);
		};
/* End PBXProject section */

/* Begin PBXResourcesBuildPhase section */
		65CE1F5923AF705B008FA854 /* Resources */ = {
			isa = PBXResourcesBuildPhase;
			buildActionMask = 2147483647;
			files = (
				6581CA90240F76CA00887782 /* optional_2nd_Image.png in Resources */,
				65CE1F6E23AF705D008FA854 /* LaunchScreen.storyboard in Resources */,
				6581CA92240F76CA00887782 /* no_image_taken.png in Resources */,
				65CE1F6B23AF705D008FA854 /* Preview Assets.xcassets in Resources */,
				65CE1F6823AF705D008FA854 /* Assets.xcassets in Resources */,
				6581CA91240F76CA00887782 /* sample_image_missing.png in Resources */,
			);
			runOnlyForDeploymentPostprocessing = 0;
		};
/* End PBXResourcesBuildPhase section */

/* Begin PBXSourcesBuildPhase section */
		65CE1F5723AF705B008FA854 /* Sources */ = {
			isa = PBXSourcesBuildPhase;
			buildActionMask = 2147483647;
			files = (
				65C2C84E23DFCD9F00430FCC /* ImagePicker.swift in Sources */,
				65CE1F6423AF705B008FA854 /* Tour_of_Honor_2.xcdatamodeld in Sources */,
				639553E423E64DF50034A51E /* Bonus+CoreDataClass.swift in Sources */,
				65F719AB2421F471004C659F /* FilteredParksList.swift in Sources */,
				635E9FE8240E059300A46077 /* TrophyList+CoreDataProperties.swift in Sources */,
				639553E823E64E1A0034A51E /* CoreData.swift in Sources */,
				65BAAF5C2416DFE9004383FE /* BlurView.swift in Sources */,
				65C2C85023DFD18800430FCC /* PhotoCaptureView.swift in Sources */,
				65CE1F8223AF7DFB008FA854 /* Stats.swift in Sources */,
				65DBD65D23EFF0BF00BC5B66 /* StateList.swift in Sources */,
				65DBD65F23EFF11900BC5B66 /* CategoryList.swift in Sources */,
				632468AA2414544200BEE0D5 /* StateFilter.swift in Sources */,
				65CE1F7C23AF71B5008FA854 /* Settings.swift in Sources */,
				6561FAC623F3D60100F786AE /* RegionFilterModal.swift in Sources */,
				65CE1F7E23AF71CC008FA854 /* BonusList.swift in Sources */,
				65F719A32421F2AB004C659F /* TrophyDetail.swift in Sources */,
				65CE1F8023AF71D6008FA854 /* BonusDetail.swift in Sources */,
				65CE1F5F23AF705B008FA854 /* AppDelegate.swift in Sources */,
				65E3D2D5241A9E3A005AA8CB /* SendEmail.swift in Sources */,
				639553E523E64DF50034A51E /* Bonus+CoreDataProperties.swift in Sources */,
				65F7199D242175F0004C659F /* MapHandler.swift in Sources */,
				632468AC2414564E00BEE0D5 /* BonusFilterMenuBar.swift in Sources */,
				65F719A52421F2FE004C659F /* FilteredTrophyList.swift in Sources */,
				658D3C1B241F3FB800A333EC /* OnboardingView.swift in Sources */,
				65F719A92421F463004C659F /* ParksList.swift in Sources */,
				635E9FE7240E059300A46077 /* TrophyList+CoreDataClass.swift in Sources */,
				65CE1F6623AF705B008FA854 /* ContentView.swift in Sources */,
				6561FAC823F3DA6A00F786AE /* NationalParks.swift in Sources */,
				6581CA8C240F580700887782 /* ImageReader.swift in Sources */,
				65CE1F6123AF705B008FA854 /* SceneDelegate.swift in Sources */,
				10D411A32411786B004FCBDD /* UserDefaults.swift in Sources */,
				6561FAC423F3B83600F786AE /* BonusFilterModal.swift in Sources */,
				65F719A72421F455004C659F /* ParksFilterMenuBar.swift in Sources */,
				632468A82414521600BEE0D5 /* CategoryFilter.swift in Sources */,
				632468A624144A5F00BEE0D5 /* FilteredBonusList.swift in Sources */,
				65CE1F7623AF7099008FA854 /* TabBar.swift in Sources */,
				65F719AD2421F48C004C659F /* ParksDetail.swift in Sources */,
				65CE1F7A23AF71A9008FA854 /* TrophyList.swift in Sources */,
				6504E46E24299356006F4DCE /* TrophyStatusBar.swift in Sources */,
				65DBD66C23F0117200BC5B66 /* CustomModifiers.swift in Sources */,
				65F7199F2421E997004C659F /* TrophyFilterMenuBar.swift in Sources */,
				65795E49240E12BC0036B4EA /* ImageWriter.swift in Sources */,
				65DBD66123F002A900BC5B66 /* BonusDataArray.swift in Sources */,
				65DBD66923F00CEF00BC5B66 /* DeviceDetector.swift in Sources */,
			);
			runOnlyForDeploymentPostprocessing = 0;
		};
/* End PBXSourcesBuildPhase section */

/* Begin PBXVariantGroup section */
		65CE1F6C23AF705D008FA854 /* LaunchScreen.storyboard */ = {
			isa = PBXVariantGroup;
			children = (
				65CE1F6D23AF705D008FA854 /* Base */,
			);
			name = LaunchScreen.storyboard;
			sourceTree = "<group>";
		};
/* End PBXVariantGroup section */

/* Begin XCBuildConfiguration section */
		656EC00B241EF9EF0059E404 /* Dev */ = {
			isa = XCBuildConfiguration;
			buildSettings = {
				ALWAYS_SEARCH_USER_PATHS = NO;
				CLANG_ANALYZER_NONNULL = YES;
				CLANG_ANALYZER_NUMBER_OBJECT_CONVERSION = YES_AGGRESSIVE;
				CLANG_CXX_LANGUAGE_STANDARD = "gnu++14";
				CLANG_CXX_LIBRARY = "libc++";
				CLANG_ENABLE_MODULES = YES;
				CLANG_ENABLE_OBJC_ARC = YES;
				CLANG_ENABLE_OBJC_WEAK = YES;
				CLANG_WARN_BLOCK_CAPTURE_AUTORELEASING = YES;
				CLANG_WARN_BOOL_CONVERSION = YES;
				CLANG_WARN_COMMA = YES;
				CLANG_WARN_CONSTANT_CONVERSION = YES;
				CLANG_WARN_DEPRECATED_OBJC_IMPLEMENTATIONS = YES;
				CLANG_WARN_DIRECT_OBJC_ISA_USAGE = YES_ERROR;
				CLANG_WARN_DOCUMENTATION_COMMENTS = YES;
				CLANG_WARN_EMPTY_BODY = YES;
				CLANG_WARN_ENUM_CONVERSION = YES;
				CLANG_WARN_INFINITE_RECURSION = YES;
				CLANG_WARN_INT_CONVERSION = YES;
				CLANG_WARN_NON_LITERAL_NULL_CONVERSION = YES;
				CLANG_WARN_OBJC_IMPLICIT_RETAIN_SELF = YES;
				CLANG_WARN_OBJC_LITERAL_CONVERSION = YES;
				CLANG_WARN_OBJC_ROOT_CLASS = YES_ERROR;
				CLANG_WARN_RANGE_LOOP_ANALYSIS = YES;
				CLANG_WARN_STRICT_PROTOTYPES = YES;
				CLANG_WARN_SUSPICIOUS_MOVE = YES;
				CLANG_WARN_UNGUARDED_AVAILABILITY = YES_AGGRESSIVE;
				CLANG_WARN_UNREACHABLE_CODE = YES;
				CLANG_WARN__DUPLICATE_METHOD_MATCH = YES;
				COPY_PHASE_STRIP = NO;
				DEBUG_INFORMATION_FORMAT = dwarf;
				ENABLE_STRICT_OBJC_MSGSEND = YES;
				ENABLE_TESTABILITY = YES;
				GCC_C_LANGUAGE_STANDARD = gnu11;
				GCC_DYNAMIC_NO_PIC = NO;
				GCC_NO_COMMON_BLOCKS = YES;
				GCC_OPTIMIZATION_LEVEL = 0;
				GCC_PREPROCESSOR_DEFINITIONS = (
					"DEBUG=1",
					"$(inherited)",
				);
				GCC_WARN_64_TO_32_BIT_CONVERSION = YES;
				GCC_WARN_ABOUT_RETURN_TYPE = YES_ERROR;
				GCC_WARN_UNDECLARED_SELECTOR = YES;
				GCC_WARN_UNINITIALIZED_AUTOS = YES_AGGRESSIVE;
				GCC_WARN_UNUSED_FUNCTION = YES;
				GCC_WARN_UNUSED_VARIABLE = YES;
				IPHONEOS_DEPLOYMENT_TARGET = 13.2;
				MTL_ENABLE_DEBUG_INFO = INCLUDE_SOURCE;
				MTL_FAST_MATH = YES;
				ONLY_ACTIVE_ARCH = YES;
				SDKROOT = iphoneos;
				SWIFT_ACTIVE_COMPILATION_CONDITIONS = DEBUG;
				SWIFT_OPTIMIZATION_LEVEL = "-Onone";
			};
			name = Dev;
		};
		656EC00C241EF9EF0059E404 /* Dev */ = {
			isa = XCBuildConfiguration;
			buildSettings = {
				ASSETCATALOG_COMPILER_APPICON_NAME = AppIcon.dev;
				CODE_SIGN_ENTITLEMENTS = "Tour of Honor 2/Tour of Honor 2.entitlements";
				CODE_SIGN_STYLE = Automatic;
				CURRENT_PROJECT_VERSION = 762;
				DEBUG_ACTIVITY_MODE = "";
				"DEBUG_ACTIVITY_MODE[sdk=iphonesimulator*]" = disable;
				DEVELOPMENT_ASSET_PATHS = "";
				DEVELOPMENT_TEAM = 8XHY7EQ7TE;
				ENABLE_PREVIEWS = YES;
				INFOPLIST_FILE = "Tour of Honor 2/Info.plist";
				IPHONEOS_DEPLOYMENT_TARGET = 13.0;
				LD_RUNPATH_SEARCH_PATHS = (
					"$(inherited)",
					"@executable_path/Frameworks",
				);
				MARKETING_VERSION = 1.0;
				PRODUCT_BUNDLE_IDENTIFIER = "net.tommyc.iTOH-2.dev";
				PRODUCT_NAME = "TOH 2 Dev";
				SWIFT_ACTIVE_COMPILATION_CONDITIONS = DEV;
				SWIFT_VERSION = 5.0;
				TARGETED_DEVICE_FAMILY = 1;
			};
			name = Dev;
		};
		65CE1F7023AF705D008FA854 /* Debug */ = {
			isa = XCBuildConfiguration;
			buildSettings = {
				ALWAYS_SEARCH_USER_PATHS = NO;
				CLANG_ANALYZER_NONNULL = YES;
				CLANG_ANALYZER_NUMBER_OBJECT_CONVERSION = YES_AGGRESSIVE;
				CLANG_CXX_LANGUAGE_STANDARD = "gnu++14";
				CLANG_CXX_LIBRARY = "libc++";
				CLANG_ENABLE_MODULES = YES;
				CLANG_ENABLE_OBJC_ARC = YES;
				CLANG_ENABLE_OBJC_WEAK = YES;
				CLANG_WARN_BLOCK_CAPTURE_AUTORELEASING = YES;
				CLANG_WARN_BOOL_CONVERSION = YES;
				CLANG_WARN_COMMA = YES;
				CLANG_WARN_CONSTANT_CONVERSION = YES;
				CLANG_WARN_DEPRECATED_OBJC_IMPLEMENTATIONS = YES;
				CLANG_WARN_DIRECT_OBJC_ISA_USAGE = YES_ERROR;
				CLANG_WARN_DOCUMENTATION_COMMENTS = YES;
				CLANG_WARN_EMPTY_BODY = YES;
				CLANG_WARN_ENUM_CONVERSION = YES;
				CLANG_WARN_INFINITE_RECURSION = YES;
				CLANG_WARN_INT_CONVERSION = YES;
				CLANG_WARN_NON_LITERAL_NULL_CONVERSION = YES;
				CLANG_WARN_OBJC_IMPLICIT_RETAIN_SELF = YES;
				CLANG_WARN_OBJC_LITERAL_CONVERSION = YES;
				CLANG_WARN_OBJC_ROOT_CLASS = YES_ERROR;
				CLANG_WARN_RANGE_LOOP_ANALYSIS = YES;
				CLANG_WARN_STRICT_PROTOTYPES = YES;
				CLANG_WARN_SUSPICIOUS_MOVE = YES;
				CLANG_WARN_UNGUARDED_AVAILABILITY = YES_AGGRESSIVE;
				CLANG_WARN_UNREACHABLE_CODE = YES;
				CLANG_WARN__DUPLICATE_METHOD_MATCH = YES;
				COPY_PHASE_STRIP = NO;
				DEBUG_INFORMATION_FORMAT = dwarf;
				ENABLE_STRICT_OBJC_MSGSEND = YES;
				ENABLE_TESTABILITY = YES;
				GCC_C_LANGUAGE_STANDARD = gnu11;
				GCC_DYNAMIC_NO_PIC = NO;
				GCC_NO_COMMON_BLOCKS = YES;
				GCC_OPTIMIZATION_LEVEL = 0;
				GCC_PREPROCESSOR_DEFINITIONS = (
					"DEBUG=1",
					"$(inherited)",
				);
				GCC_WARN_64_TO_32_BIT_CONVERSION = YES;
				GCC_WARN_ABOUT_RETURN_TYPE = YES_ERROR;
				GCC_WARN_UNDECLARED_SELECTOR = YES;
				GCC_WARN_UNINITIALIZED_AUTOS = YES_AGGRESSIVE;
				GCC_WARN_UNUSED_FUNCTION = YES;
				GCC_WARN_UNUSED_VARIABLE = YES;
				IPHONEOS_DEPLOYMENT_TARGET = 13.2;
				MTL_ENABLE_DEBUG_INFO = INCLUDE_SOURCE;
				MTL_FAST_MATH = YES;
				ONLY_ACTIVE_ARCH = YES;
				SDKROOT = iphoneos;
				SWIFT_ACTIVE_COMPILATION_CONDITIONS = DEBUG;
				SWIFT_OPTIMIZATION_LEVEL = "-Onone";
			};
			name = Debug;
		};
		65CE1F7123AF705D008FA854 /* Production */ = {
			isa = XCBuildConfiguration;
			buildSettings = {
				ALWAYS_SEARCH_USER_PATHS = NO;
				CLANG_ANALYZER_NONNULL = YES;
				CLANG_ANALYZER_NUMBER_OBJECT_CONVERSION = YES_AGGRESSIVE;
				CLANG_CXX_LANGUAGE_STANDARD = "gnu++14";
				CLANG_CXX_LIBRARY = "libc++";
				CLANG_ENABLE_MODULES = YES;
				CLANG_ENABLE_OBJC_ARC = YES;
				CLANG_ENABLE_OBJC_WEAK = YES;
				CLANG_WARN_BLOCK_CAPTURE_AUTORELEASING = YES;
				CLANG_WARN_BOOL_CONVERSION = YES;
				CLANG_WARN_COMMA = YES;
				CLANG_WARN_CONSTANT_CONVERSION = YES;
				CLANG_WARN_DEPRECATED_OBJC_IMPLEMENTATIONS = YES;
				CLANG_WARN_DIRECT_OBJC_ISA_USAGE = YES_ERROR;
				CLANG_WARN_DOCUMENTATION_COMMENTS = YES;
				CLANG_WARN_EMPTY_BODY = YES;
				CLANG_WARN_ENUM_CONVERSION = YES;
				CLANG_WARN_INFINITE_RECURSION = YES;
				CLANG_WARN_INT_CONVERSION = YES;
				CLANG_WARN_NON_LITERAL_NULL_CONVERSION = YES;
				CLANG_WARN_OBJC_IMPLICIT_RETAIN_SELF = YES;
				CLANG_WARN_OBJC_LITERAL_CONVERSION = YES;
				CLANG_WARN_OBJC_ROOT_CLASS = YES_ERROR;
				CLANG_WARN_RANGE_LOOP_ANALYSIS = YES;
				CLANG_WARN_STRICT_PROTOTYPES = YES;
				CLANG_WARN_SUSPICIOUS_MOVE = YES;
				CLANG_WARN_UNGUARDED_AVAILABILITY = YES_AGGRESSIVE;
				CLANG_WARN_UNREACHABLE_CODE = YES;
				CLANG_WARN__DUPLICATE_METHOD_MATCH = YES;
				COPY_PHASE_STRIP = NO;
				DEBUG_INFORMATION_FORMAT = "dwarf-with-dsym";
				ENABLE_NS_ASSERTIONS = NO;
				ENABLE_STRICT_OBJC_MSGSEND = YES;
				GCC_C_LANGUAGE_STANDARD = gnu11;
				GCC_NO_COMMON_BLOCKS = YES;
				GCC_WARN_64_TO_32_BIT_CONVERSION = YES;
				GCC_WARN_ABOUT_RETURN_TYPE = YES_ERROR;
				GCC_WARN_UNDECLARED_SELECTOR = YES;
				GCC_WARN_UNINITIALIZED_AUTOS = YES_AGGRESSIVE;
				GCC_WARN_UNUSED_FUNCTION = YES;
				GCC_WARN_UNUSED_VARIABLE = YES;
				IPHONEOS_DEPLOYMENT_TARGET = 13.2;
				MTL_ENABLE_DEBUG_INFO = NO;
				MTL_FAST_MATH = YES;
				SDKROOT = iphoneos;
				SWIFT_COMPILATION_MODE = wholemodule;
				SWIFT_OPTIMIZATION_LEVEL = "-O";
				VALIDATE_PRODUCT = YES;
			};
			name = Production;
		};
		65CE1F7323AF705D008FA854 /* Debug */ = {
			isa = XCBuildConfiguration;
			buildSettings = {
				ASSETCATALOG_COMPILER_APPICON_NAME = AppIcon.debug;
				CODE_SIGN_ENTITLEMENTS = "Tour of Honor 2/Tour of Honor 2.entitlements";
				CODE_SIGN_STYLE = Automatic;
				CURRENT_PROJECT_VERSION = 762;
				DEBUG_ACTIVITY_MODE = "";
				"DEBUG_ACTIVITY_MODE[sdk=iphonesimulator*]" = disable;
				DEVELOPMENT_ASSET_PATHS = "";
				DEVELOPMENT_TEAM = 8XHY7EQ7TE;
				ENABLE_PREVIEWS = YES;
				INFOPLIST_FILE = "Tour of Honor 2/Info.plist";
				IPHONEOS_DEPLOYMENT_TARGET = 13.0;
				LD_RUNPATH_SEARCH_PATHS = (
					"$(inherited)",
					"@executable_path/Frameworks",
				);
				MARKETING_VERSION = 1.0;
				PRODUCT_BUNDLE_IDENTIFIER = "net.tommyc.iTOH-2.debug";
				PRODUCT_NAME = "TOH 2 Test";
				SWIFT_VERSION = 5.0;
				TARGETED_DEVICE_FAMILY = 1;
			};
			name = Debug;
		};
		65CE1F7423AF705D008FA854 /* Production */ = {
			isa = XCBuildConfiguration;
			buildSettings = {
				ASSETCATALOG_COMPILER_APPICON_NAME = AppIcon;
				CODE_SIGN_ENTITLEMENTS = "Tour of Honor 2/Tour of Honor 2.entitlements";
				CODE_SIGN_STYLE = Automatic;
				CURRENT_PROJECT_VERSION = 762;
				DEBUG_ACTIVITY_MODE = "";
				DEVELOPMENT_ASSET_PATHS = "";
				DEVELOPMENT_TEAM = 8XHY7EQ7TE;
				ENABLE_PREVIEWS = YES;
				INFOPLIST_FILE = "Tour of Honor 2/Info.plist";
				IPHONEOS_DEPLOYMENT_TARGET = 13.0;
				LD_RUNPATH_SEARCH_PATHS = (
					"$(inherited)",
					"@executable_path/Frameworks",
				);
				MARKETING_VERSION = 1.0;
				PRODUCT_BUNDLE_IDENTIFIER = "net.tommyc.iTOH-2";
				PRODUCT_NAME = "Tour of Honor 2";
				SWIFT_ACTIVE_COMPILATION_CONDITIONS = PROD;
				SWIFT_VERSION = 5.0;
				TARGETED_DEVICE_FAMILY = 1;
			};
			name = Production;
		};
/* End XCBuildConfiguration section */

/* Begin XCConfigurationList section */
		65CE1F5623AF705B008FA854 /* Build configuration list for PBXProject "Tour of Honor 2" */ = {
			isa = XCConfigurationList;
			buildConfigurations = (
				65CE1F7023AF705D008FA854 /* Debug */,
				656EC00B241EF9EF0059E404 /* Dev */,
				65CE1F7123AF705D008FA854 /* Production */,
			);
			defaultConfigurationIsVisible = 0;
			defaultConfigurationName = Production;
		};
		65CE1F7223AF705D008FA854 /* Build configuration list for PBXNativeTarget "Tour of Honor 2" */ = {
			isa = XCConfigurationList;
			buildConfigurations = (
				65CE1F7323AF705D008FA854 /* Debug */,
				656EC00C241EF9EF0059E404 /* Dev */,
				65CE1F7423AF705D008FA854 /* Production */,
			);
			defaultConfigurationIsVisible = 0;
			defaultConfigurationName = Production;
		};
/* End XCConfigurationList section */

/* Begin XCVersionGroup section */
		65CE1F6223AF705B008FA854 /* Tour_of_Honor_2.xcdatamodeld */ = {
			isa = XCVersionGroup;
			children = (
				65CE1F6323AF705B008FA854 /* Tour_of_Honor_2.xcdatamodel */,
			);
			currentVersion = 65CE1F6323AF705B008FA854 /* Tour_of_Honor_2.xcdatamodel */;
			path = Tour_of_Honor_2.xcdatamodeld;
			sourceTree = "<group>";
			versionGroupType = wrapper.xcdatamodel;
		};
/* End XCVersionGroup section */
	};
	rootObject = 65CE1F5323AF705B008FA854 /* Project object */;
}
